
Microsoft Visual Studio Solution File, Format Version 12.00
# Visual Studio Version 16
VisualStudioVersion = 16.0.31129.286
MinimumVisualStudioVersion = 10.0.40219.1
Project("{9A19103F-16F7-4668-BE54-9A1E7A4F7556}") = "HRMS.API", "HRMS.API\HRMS.API.csproj", "{AD0CA509-4860-4AC5-9B1C-F752369F3158}"
	ProjectSection(ProjectDependencies) = postProject
		{0DA3A658-BFF5-4ADD-A94A-54DF5D832099} = {0DA3A658-BFF5-4ADD-A94A-54DF5D832099}
	EndProjectSection
EndProject
Project("{9A19103F-16F7-4668-BE54-9A1E7A4F7556}") = "HRMS.Web", "HRMS.Web\HRMS.Web.csproj", "{0DA3A658-BFF5-4ADD-A94A-54DF5D832099}"
EndProject
Global
	GlobalSection(SolutionConfigurationPlatforms) = preSolution
		Debug|Any CPU = Debug|Any CPU
		Release|Any CPU = Release|Any CPU
	EndGlobalSection
	GlobalSection(ProjectConfigurationPlatforms) = postSolution
		{AD0CA509-4860-4AC5-9B1C-F752369F3158}.Debug|Any CPU.ActiveCfg = Debug|Any CPU
		{AD0CA509-4860-4AC5-9B1C-F752369F3158}.Debug|Any CPU.Build.0 = Debug|Any CPU
		{AD0CA509-4860-4AC5-9B1C-F752369F3158}.Release|Any CPU.ActiveCfg = Release|Any CPU
		{AD0CA509-4860-4AC5-9B1C-F752369F3158}.Release|Any CPU.Build.0 = Release|Any CPU
		{0DA3A658-BFF5-4ADD-A94A-54DF5D832099}.Debug|Any CPU.ActiveCfg = Debug|Any CPU
		{0DA3A658-BFF5-4ADD-A94A-54DF5D832099}.Debug|Any CPU.Build.0 = Debug|Any CPU
		{0DA3A658-BFF5-4ADD-A94A-54DF5D832099}.Release|Any CPU.ActiveCfg = Release|Any CPU
		{0DA3A658-BFF5-4ADD-A94A-54DF5D832099}.Release|Any CPU.Build.0 = Release|Any CPU
	EndGlobalSection
	GlobalSection(SolutionProperties) = preSolution
		HideSolutionNode = FALSE
	EndGlobalSection
	GlobalSection(ExtensibilityGlobals) = postSolution
		SolutionGuid = {08F61C89-C841-49B8-85B5-D6B86682406A}
	EndGlobalSection
EndGlobal
